
Microsoft Visual Studio Solution File, Format Version 12.00
# Visual Studio 15
VisualStudioVersion = 15.0.28307.168
MinimumVisualStudioVersion = 10.0.40219.1
Project("{00D1A9C2-B5F0-4AF3-8072-F6C62B433612}") = "ClrHttpRequest", "ClrHttpRequest\ClrHttpRequest.sqlproj", "{ED2DB4CC-2730-4566-AE85-EC568BE197C9}"
EndProject
Global
	GlobalSection(SolutionConfigurationPlatforms) = preSolution
		Debug|Any CPU = Debug|Any CPU
		Release|Any CPU = Release|Any CPU
	EndGlobalSection
	GlobalSection(ProjectConfigurationPlatforms) = postSolution
		{ED2DB4CC-2730-4566-AE85-EC568BE197C9}.Debug|Any CPU.ActiveCfg = Debug|Any CPU
		{ED2DB4CC-2730-4566-AE85-EC568BE197C9}.Debug|Any CPU.Build.0 = Debug|Any CPU
		{ED2DB4CC-2730-4566-AE85-EC568BE197C9}.Debug|Any CPU.Deploy.0 = Debug|Any CPU
		{ED2DB4CC-2730-4566-AE85-EC568BE197C9}.Release|Any CPU.ActiveCfg = Release|Any CPU
		{ED2DB4CC-2730-4566-AE85-EC568BE197C9}.Release|Any CPU.Build.0 = Release|Any CPU
		{ED2DB4CC-2730-4566-AE85-EC568BE197C9}.Release|Any CPU.Deploy.0 = Release|Any CPU
	EndGlobalSection
	GlobalSection(SolutionProperties) = preSolution
		HideSolutionNode = FALSE
	EndGlobalSection
	GlobalSection(ExtensibilityGlobals) = postSolution
		SolutionGuid = {F2F7A1A8-0FE5-482F-8E74-BF68344D17DD}
	EndGlobalSection
EndGlobal
